{
 "graph_lock": {
  "nodes": {
   "0": {
    "options": "brotli:shared=False\nbzip2:build_executable=True\nbzip2:shared=False\nfreetype:shared=False\nfreetype:with_brotli=True\nfreetype:with_bzip2=True\nfreetype:with_png=True\nfreetype:with_zlib=True\nglew:shared=False\nlibpng:api_prefix=\nlibpng:shared=False\nlibpng:sse=True\nsdl:directx=True\nsdl:opengl=True\nsdl:opengles=True\nsdl:sdl2main=True\nsdl:shared=False\nsdl:vulkan=True\ntinyxml:with_stl=False\nzlib:minizip=deprecated\nzlib:shared=False",
    "requires": [
     "1",
     "6",
     "2",
     "9",
     "10",
     "3"
    ],
    "path": "conanfile.txt",
    "context": "host"
   },
   "1": {
    "ref": "freetype/2.11.1",
    "options": "shared=False\nwith_brotli=True\nwith_bzip2=True\nwith_png=True\nwith_zlib=True\nbrotli:shared=False\nbzip2:build_executable=True\nbzip2:shared=False\nlibpng:api_prefix=\nlibpng:shared=False\nlibpng:sse=True\nzlib:minizip=deprecated\nzlib:shared=False",
    "package_id": "27b2733304cef577b19f699fec3a5bdbefb36d16",
    "prev": "0",
    "requires": [
     "2",
     "3",
     "4",
     "5"
    ],
    "context": "host"
   },
   "2": {
    "ref": "libpng/1.6.37",
    "options": "api_prefix=\nshared=False\nsse=True\nzlib:minizip=deprecated\nzlib:shared=False",
    "package_id": "ce650d9f1f1c1c0839cf0694a55c1351ddbed859",
    "prev": "0",
    "requires": [
     "3"
    ],
    "context": "host"
   },
   "3": {
    "ref": "zlib/1.2.11",
    "options": "minizip=deprecated\nshared=False",
    "package_id": "3fb49604f9c2f729b85ba3115852006824e72cab",
    "prev": "0",
    "context": "host"
   },
   "4": {
    "ref": "bzip2/1.0.8",
    "options": "build_executable=True\nshared=False",
    "package_id": "d16a91eadaaf5829b928b12d2f836ff7680d3df5",
    "prev": "0",
    "context": "host"
   },
   "5": {
    "ref": "brotli/1.0.9",
    "options": "shared=False",
    "package_id": "3fb49604f9c2f729b85ba3115852006824e72cab",
    "prev": "0",
    "context": "host"
   },
   "6": {
    "ref": "glew/2.2.0",
    "options": "shared=False",
    "package_id": "f923874e83d95e94b1d71b4181e264b3716ade72",
    "prev": "0",
    "requires": [
     "7",
     "8"
    ],
    "context": "host"
   },
   "7": {
    "ref": "opengl/system",
    "options": "",
    "package_id": "5ab84d6acfe1f23c4fae0ab88f26e3a396351ac9",
    "prev": "0",
    "context": "host"
   },
   "8": {
    "ref": "glu/system",
    "options": "",
    "package_id": "5ab84d6acfe1f23c4fae0ab88f26e3a396351ac9",
    "prev": "0",
    "requires": [
     "7"
    ],
    "context": "host"
   },
   "9": {
    "ref": "sdl/2.0.18",
    "options": "directx=True\nopengl=True\nopengles=True\nsdl2main=True\nshared=False\nvulkan=True",
    "package_id": "5273cb1e5c61509a97e93d6b4616e05b71d63f69",
    "prev": "0",
    "context": "host"
   },
   "10": {
    "ref": "tinyxml/2.6.2",
    "options": "with_stl=False",
    "package_id": "3fb49604f9c2f729b85ba3115852006824e72cab",
    "prev": "0",
    "context": "host"
   }
  },
  "revisions_enabled": false
 },
 "version": "0.4",
 "profile_host": "[settings]\narch=x86_64\narch_build=x86_64\nbuild_type=Release\ncompiler=Visual Studio\ncompiler.runtime=MD\ncompiler.version=16\nos=Windows\nos_build=Windows\n[options]\n[build_requires]\n[env]\n"
}